// !$*UTF8*$!
{
	archiveVersion = 1;
	classes = {
	};
	objectVersion = 48;
	objects = {

/* Begin PBXBuildFile section */
		A3B24CA0201E476900CEE30B /* AppDelegate.swift in Sources */ = {isa = PBXBuildFile; fileRef = A3B24C9F201E476900CEE30B /* AppDelegate.swift */; };
		A3B24CA2201E476900CEE30B /* ViewController.swift in Sources */ = {isa = PBXBuildFile; fileRef = A3B24CA1201E476900CEE30B /* ViewController.swift */; };
		A3B24CA5201E476900CEE30B /* Main.storyboard in Resources */ = {isa = PBXBuildFile; fileRef = A3B24CA3201E476900CEE30B /* Main.storyboard */; };
		A3B24CA7201E476900CEE30B /* Assets.xcassets in Resources */ = {isa = PBXBuildFile; fileRef = A3B24CA6201E476900CEE30B /* Assets.xcassets */; };
		A3B24CAA201E476900CEE30B /* LaunchScreen.storyboard in Resources */ = {isa = PBXBuildFile; fileRef = A3B24CA8201E476900CEE30B /* LaunchScreen.storyboard */; };
		A3E52441201E4862008F81A2 /* Requester.swift in Sources */ = {isa = PBXBuildFile; fileRef = A3E52440201E4862008F81A2 /* Requester.swift */; };
		A3E52443201E4895008F81A2 /* Key.swift in Sources */ = {isa = PBXBuildFile; fileRef = A3E52442201E4895008F81A2 /* Key.swift */; };
		A3E52445201E4AC3008F81A2 /* EmotionResponse.swift in Sources */ = {isa = PBXBuildFile; fileRef = A3E52444201E4AC3008F81A2 /* EmotionResponse.swift */; };
		A3E52447201E4B12008F81A2 /* Emotion.swift in Sources */ = {isa = PBXBuildFile; fileRef = A3E52446201E4B12008F81A2 /* Emotion.swift */; };
/* End PBXBuildFile section */

/* Begin PBXFileReference section */
		A3B24C9C201E476900CEE30B /* EmotionTransmission.app */ = {isa = PBXFileReference; explicitFileType = wrapper.application; includeInIndex = 0; path = EmotionTransmission.app; sourceTree = BUILT_PRODUCTS_DIR; };
		A3B24C9F201E476900CEE30B /* AppDelegate.swift */ = {isa = PBXFileReference; lastKnownFileType = sourcecode.swift; path = AppDelegate.swift; sourceTree = "<group>"; };
		A3B24CA1201E476900CEE30B /* ViewController.swift */ = {isa = PBXFileReference; lastKnownFileType = sourcecode.swift; path = ViewController.swift; sourceTree = "<group>"; };
		A3B24CA4201E476900CEE30B /* Base */ = {isa = PBXFileReference; lastKnownFileType = file.storyboard; name = Base; path = Base.lproj/Main.storyboard; sourceTree = "<group>"; };
		A3B24CA6201E476900CEE30B /* Assets.xcassets */ = {isa = PBXFileReference; lastKnownFileType = folder.assetcatalog; path = Assets.xcassets; sourceTree = "<group>"; };
		A3B24CA9201E476900CEE30B /* Base */ = {isa = PBXFileReference; lastKnownFileType = file.storyboard; name = Base; path = Base.lproj/LaunchScreen.storyboard; sourceTree = "<group>"; };
		A3B24CAB201E476900CEE30B /* Info.plist */ = {isa = PBXFileReference; lastKnownFileType = text.plist.xml; path = Info.plist; sourceTree = "<group>"; };
		A3E52440201E4862008F81A2 /* Requester.swift */ = {isa = PBXFileReference; lastKnownFileType = sourcecode.swift; path = Requester.swift; sourceTree = "<group>"; };
		A3E52442201E4895008F81A2 /* Key.swift */ = {isa = PBXFileReference; lastKnownFileType = sourcecode.swift; path = Key.swift; sourceTree = "<group>"; };
		A3E52444201E4AC3008F81A2 /* EmotionResponse.swift */ = {isa = PBXFileReference; lastKnownFileType = sourcecode.swift; path = EmotionResponse.swift; sourceTree = "<group>"; };
		A3E52446201E4B12008F81A2 /* Emotion.swift */ = {isa = PBXFileReference; lastKnownFileType = sourcecode.swift; path = Emotion.swift; sourceTree = "<group>"; };
/* End PBXFileReference section */

/* Begin PBXFrameworksBuildPhase section */
		A3B24C99201E476900CEE30B /* Frameworks */ = {
			isa = PBXFrameworksBuildPhase;
			buildActionMask = 2147483647;
			files = (
			);
			runOnlyForDeploymentPostprocessing = 0;
		};
/* End PBXFrameworksBuildPhase section */

/* Begin PBXGroup section */
		A3B24C93201E476900CEE30B = {
			isa = PBXGroup;
			children = (
				A3B24C9E201E476900CEE30B /* EmotionTransmission */,
				A3B24C9D201E476900CEE30B /* Products */,
			);
			sourceTree = "<group>";
		};
		A3B24C9D201E476900CEE30B /* Products */ = {
			isa = PBXGroup;
			children = (
				A3B24C9C201E476900CEE30B /* EmotionTransmission.app */,
			);
			name = Products;
			sourceTree = "<group>";
		};
		A3B24C9E201E476900CEE30B /* EmotionTransmission */ = {
			isa = PBXGroup;
			children = (
				A3B24C9F201E476900CEE30B /* AppDelegate.swift */,
				A3B24CA1201E476900CEE30B /* ViewController.swift */,
				A3E52440201E4862008F81A2 /* Requester.swift */,
				A3E52444201E4AC3008F81A2 /* EmotionResponse.swift */,
				A3E52446201E4B12008F81A2 /* Emotion.swift */,
				A3E52442201E4895008F81A2 /* Key.swift */,
				A3B24CA3201E476900CEE30B /* Main.storyboard */,
				A3B24CA6201E476900CEE30B /* Assets.xcassets */,
				A3B24CA8201E476900CEE30B /* LaunchScreen.storyboard */,
				A3B24CAB201E476900CEE30B /* Info.plist */,
			);
			path = EmotionTransmission;
			sourceTree = "<group>";
		};
/* End PBXGroup section */

/* Begin PBXNativeTarget section */
		A3B24C9B201E476900CEE30B /* EmotionTransmission */ = {
			isa = PBXNativeTarget;
			buildConfigurationList = A3B24CAE201E476900CEE30B /* Build configuration list for PBXNativeTarget "EmotionTransmission" */;
			buildPhases = (
				A3B24C98201E476900CEE30B /* Sources */,
				A3B24C99201E476900CEE30B /* Frameworks */,
				A3B24C9A201E476900CEE30B /* Resources */,
			);
			buildRules = (
			);
			dependencies = (
			);
			name = EmotionTransmission;
			productName = EmotionTransmission;
			productReference = A3B24C9C201E476900CEE30B /* EmotionTransmission.app */;
			productType = "com.apple.product-type.application";
		};
/* End PBXNativeTarget section */

/* Begin PBXProject section */
		A3B24C94201E476900CEE30B /* Project object */ = {
			isa = PBXProject;
			attributes = {
				LastSwiftUpdateCheck = 0900;
				LastUpgradeCheck = 0900;
				ORGANIZATIONNAME = "Francesco Perrotti-Garcia";
				TargetAttributes = {
					A3B24C9B201E476900CEE30B = {
						CreatedOnToolsVersion = 9.0;
						ProvisioningStyle = Automatic;
					};
				};
			};
			buildConfigurationList = A3B24C97201E476900CEE30B /* Build configuration list for PBXProject "EmotionTransmission" */;
			compatibilityVersion = "Xcode 8.0";
			developmentRegion = en;
			hasScannedForEncodings = 0;
			knownRegions = (
				en,
				Base,
			);
			mainGroup = A3B24C93201E476900CEE30B;
			productRefGroup = A3B24C9D201E476900CEE30B /* Products */;
			projectDirPath = "";
			projectRoot = "";
			targets = (
				A3B24C9B201E476900CEE30B /* EmotionTransmission */,
			);
		};
/* End PBXProject section */

/* Begin PBXResourcesBuildPhase section */
		A3B24C9A201E476900CEE30B /* Resources */ = {
			isa = PBXResourcesBuildPhase;
			buildActionMask = 2147483647;
			files = (
				A3B24CAA201E476900CEE30B /* LaunchScreen.storyboard in Resources */,
				A3B24CA7201E476900CEE30B /* Assets.xcassets in Resources */,
				A3B24CA5201E476900CEE30B /* Main.storyboard in Resources */,
			);
			runOnlyForDeploymentPostprocessing = 0;
		};
/* End PBXResourcesBuildPhase section */

/* Begin PBXSourcesBuildPhase section */
		A3B24C98201E476900CEE30B /* Sources */ = {
			isa = PBXSourcesBuildPhase;
			buildActionMask = 2147483647;
			files = (
				A3E52445201E4AC3008F81A2 /* EmotionResponse.swift in Sources */,
				A3B24CA2201E476900CEE30B /* ViewController.swift in Sources */,
				A3E52443201E4895008F81A2 /* Key.swift in Sources */,
				A3B24CA0201E476900CEE30B /* AppDelegate.swift in Sources */,
				A3E52441201E4862008F81A2 /* Requester.swift in Sources */,
				A3E52447201E4B12008F81A2 /* Emotion.swift in Sources */,
			);
			runOnlyForDeploymentPostprocessing = 0;
		};
/* End PBXSourcesBuildPhase section */

/* Begin PBXVariantGroup section */
		A3B24CA3201E476900CEE30B /* Main.storyboard */ = {
			isa = PBXVariantGroup;
			children = (
				A3B24CA4201E476900CEE30B /* Base */,
			);
			name = Main.storyboard;
			sourceTree = "<group>";
		};
		A3B24CA8201E476900CEE30B /* LaunchScreen.storyboard */ = {
			isa = PBXVariantGroup;
			children = (
				A3B24CA9201E476900CEE30B /* Base */,
			);
			name = LaunchScreen.storyboard;
			sourceTree = "<group>";
		};
/* End PBXVariantGroup section */

/* Begin XCBuildConfiguration section */
		A3B24CAC201E476900CEE30B /* Debug */ = {
			isa = XCBuildConfiguration;
			buildSettings = {
				ALWAYS_SEARCH_USER_PATHS = NO;
				CLANG_ANALYZER_NONNULL = YES;
				CLANG_ANALYZER_NUMBER_OBJECT_CONVERSION = YES_AGGRESSIVE;
				CLANG_CXX_LANGUAGE_STANDARD = "gnu++14";
				CLANG_CXX_LIBRARY = "libc++";
				CLANG_ENABLE_MODULES = YES;
				CLANG_ENABLE_OBJC_ARC = YES;
				CLANG_WARN_BLOCK_CAPTURE_AUTORELEASING = YES;
				CLANG_WARN_BOOL_CONVERSION = YES;
				CLANG_WARN_COMMA = YES;
				CLANG_WARN_CONSTANT_CONVERSION = YES;
				CLANG_WARN_DIRECT_OBJC_ISA_USAGE = YES_ERROR;
				CLANG_WARN_DOCUMENTATION_COMMENTS = YES;
				CLANG_WARN_EMPTY_BODY = YES;
				CLANG_WARN_ENUM_CONVERSION = YES;
				CLANG_WARN_INFINITE_RECURSION = YES;
				CLANG_WARN_INT_CONVERSION = YES;
				CLANG_WARN_NON_LITERAL_NULL_CONVERSION = YES;
				CLANG_WARN_OBJC_LITERAL_CONVERSION = YES;
				CLANG_WARN_OBJC_ROOT_CLASS = YES_ERROR;
				CLANG_WARN_RANGE_LOOP_ANALYSIS = YES;
				CLANG_WARN_STRICT_PROTOTYPES = YES;
				CLANG_WARN_SUSPICIOUS_MOVE = YES;
				CLANG_WARN_UNGUARDED_AVAILABILITY = YES_AGGRESSIVE;
				CLANG_WARN_UNREACHABLE_CODE = YES;
				CLANG_WARN__DUPLICATE_METHOD_MATCH = YES;
				CODE_SIGN_IDENTITY = "iPhone Developer";
				COPY_PHASE_STRIP = NO;
				DEBUG_INFORMATION_FORMAT = dwarf;
				ENABLE_STRICT_OBJC_MSGSEND = YES;
				ENABLE_TESTABILITY = YES;
				GCC_C_LANGUAGE_STANDARD = gnu11;
				GCC_DYNAMIC_NO_PIC = NO;
				GCC_NO_COMMON_BLOCKS = YES;
				GCC_OPTIMIZATION_LEVEL = 0;
				GCC_PREPROCESSOR_DEFINITIONS = (
					"DEBUG=1",
					"$(inherited)",
				);
				GCC_WARN_64_TO_32_BIT_CONVERSION = YES;
				GCC_WARN_ABOUT_RETURN_TYPE = YES_ERROR;
				GCC_WARN_UNDECLARED_SELECTOR = YES;
				GCC_WARN_UNINITIALIZED_AUTOS = YES_AGGRESSIVE;
				GCC_WARN_UNUSED_FUNCTION = YES;
				GCC_WARN_UNUSED_VARIABLE = YES;
				IPHONEOS_DEPLOYMENT_TARGET = 11.0;
				MTL_ENABLE_DEBUG_INFO = YES;
				ONLY_ACTIVE_ARCH = YES;
				SDKROOT = iphoneos;
				SWIFT_ACTIVE_COMPILATION_CONDITIONS = DEBUG;
				SWIFT_OPTIMIZATION_LEVEL = "-Onone";
			};
			name = Debug;
		};
		A3B24CAD201E476900CEE30B /* Release */ = {
			isa = XCBuildConfiguration;
			buildSettings = {
				ALWAYS_SEARCH_USER_PATHS = NO;
				CLANG_ANALYZER_NONNULL = YES;
				CLANG_ANALYZER_NUMBER_OBJECT_CONVERSION = YES_AGGRESSIVE;
				CLANG_CXX_LANGUAGE_STANDARD = "gnu++14";
				CLANG_CXX_LIBRARY = "libc++";
				CLANG_ENABLE_MODULES = YES;
				CLANG_ENABLE_OBJC_ARC = YES;
				CLANG_WARN_BLOCK_CAPTURE_AUTORELEASING = YES;
				CLANG_WARN_BOOL_CONVERSION = YES;
				CLANG_WARN_COMMA = YES;
				CLANG_WARN_CONSTANT_CONVERSION = YES;
				CLANG_WARN_DIRECT_OBJC_ISA_USAGE = YES_ERROR;
				CLANG_WARN_DOCUMENTATION_COMMENTS = YES;
				CLANG_WARN_EMPTY_BODY = YES;
				CLANG_WARN_ENUM_CONVERSION = YES;
				CLANG_WARN_INFINITE_RECURSION = YES;
				CLANG_WARN_INT_CONVERSION = YES;
				CLANG_WARN_NON_LITERAL_NULL_CONVERSION = YES;
				CLANG_WARN_OBJC_LITERAL_CONVERSION = YES;
				CLANG_WARN_OBJC_ROOT_CLASS = YES_ERROR;
				CLANG_WARN_RANGE_LOOP_ANALYSIS = YES;
				CLANG_WARN_STRICT_PROTOTYPES = YES;
				CLANG_WARN_SUSPICIOUS_MOVE = YES;
				CLANG_WARN_UNGUARDED_AVAILABILITY = YES_AGGRESSIVE;
				CLANG_WARN_UNREACHABLE_CODE = YES;
				CLANG_WARN__DUPLICATE_METHOD_MATCH = YES;
				CODE_SIGN_IDENTITY = "iPhone Developer";
				COPY_PHASE_STRIP = NO;
				DEBUG_INFORMATION_FORMAT = "dwarf-with-dsym";
				ENABLE_NS_ASSERTIONS = NO;
				ENABLE_STRICT_OBJC_MSGSEND = YES;
				GCC_C_LANGUAGE_STANDARD = gnu11;
				GCC_NO_COMMON_BLOCKS = YES;
				GCC_WARN_64_TO_32_BIT_CONVERSION = YES;
				GCC_WARN_ABOUT_RETURN_TYPE = YES_ERROR;
				GCC_WARN_UNDECLARED_SELECTOR = YES;
				GCC_WARN_UNINITIALIZED_AUTOS = YES_AGGRESSIVE;
				GCC_WARN_UNUSED_FUNCTION = YES;
				GCC_WARN_UNUSED_VARIABLE = YES;
				IPHONEOS_DEPLOYMENT_TARGET = 11.0;
				MTL_ENABLE_DEBUG_INFO = NO;
				SDKROOT = iphoneos;
				SWIFT_OPTIMIZATION_LEVEL = "-Owholemodule";
				VALIDATE_PRODUCT = YES;
			};
			name = Release;
		};
		A3B24CAF201E476900CEE30B /* Debug */ = {
			isa = XCBuildConfiguration;
			buildSettings = {
				ASSETCATALOG_COMPILER_APPICON_NAME = AppIcon;
				CODE_SIGN_STYLE = Automatic;
				DEVELOPMENT_TEAM = 78VUNF4NQ4;
				INFOPLIST_FILE = EmotionTransmission/Info.plist;
				LD_RUNPATH_SEARCH_PATHS = "$(inherited) @executable_path/Frameworks";
				PRODUCT_BUNDLE_IDENTIFIER = com.fpg1503.EmotionTransmission;
				PRODUCT_NAME = "$(TARGET_NAME)";
				SWIFT_VERSION = 4.0;
				TARGETED_DEVICE_FAMILY = "1,2";
			};
			name = Debug;
		};
		A3B24CB0201E476900CEE30B /* Release */ = {
			isa = XCBuildConfiguration;
			buildSettings = {
				ASSETCATALOG_COMPILER_APPICON_NAME = AppIcon;
				CODE_SIGN_STYLE = Automatic;
				DEVELOPMENT_TEAM = 78VUNF4NQ4;
				INFOPLIST_FILE = EmotionTransmission/Info.plist;
				LD_RUNPATH_SEARCH_PATHS = "$(inherited) @executable_path/Frameworks";
				PRODUCT_BUNDLE_IDENTIFIER = com.fpg1503.EmotionTransmission;
				PRODUCT_NAME = "$(TARGET_NAME)";
				SWIFT_VERSION = 4.0;
				TARGETED_DEVICE_FAMILY = "1,2";
			};
			name = Release;
		};
/* End XCBuildConfiguration section */

/* Begin XCConfigurationList section */
		A3B24C97201E476900CEE30B /* Build configuration list for PBXProject "EmotionTransmission" */ = {
			isa = XCConfigurationList;
			buildConfigurations = (
				A3B24CAC201E476900CEE30B /* Debug */,
				A3B24CAD201E476900CEE30B /* Release */,
			);
			defaultConfigurationIsVisible = 0;
			defaultConfigurationName = Release;
		};
		A3B24CAE201E476900CEE30B /* Build configuration list for PBXNativeTarget "EmotionTransmission" */ = {
			isa = XCConfigurationList;
			buildConfigurations = (
				A3B24CAF201E476900CEE30B /* Debug */,
				A3B24CB0201E476900CEE30B /* Release */,
			);
			defaultConfigurationIsVisible = 0;
			defaultConfigurationName = Release;
		};
/* End XCConfigurationList section */
	};
	rootObject = A3B24C94201E476900CEE30B /* Project object */;
}
